
Microsoft Visual Studio Solution File, Format Version 12.00
# Visual Studio 14
VisualStudioVersion = 14.0.25420.1
MinimumVisualStudioVersion = 10.0.40219.1
Project("{FAE04EC0-301F-11D3-BF4B-00C04F79EFBC}") = "SalaryCalculateTestPro", "SalaryCalculateTestPro\SalaryCalculateTestPro.csproj", "{24CD5142-46FE-4410-9C9F-9482CFA54013}"
EndProject
Project("{FAE04EC0-301F-11D3-BF4B-00C04F79EFBC}") = "Calculator", "Calculator\Calculator.csproj", "{FA4F2E9C-F513-4D1B-BDA7-742DDAD63A8B}"
EndProject
Global
	GlobalSection(SolutionConfigurationPlatforms) = preSolution
		Debug|Any CPU = Debug|Any CPU
		Release|Any CPU = Release|Any CPU
	EndGlobalSection
	GlobalSection(ProjectConfigurationPlatforms) = postSolution
		{24CD5142-46FE-4410-9C9F-9482CFA54013}.Debug|Any CPU.ActiveCfg = Debug|Any CPU
		{24CD5142-46FE-4410-9C9F-9482CFA54013}.Debug|Any CPU.Build.0 = Debug|Any CPU
		{24CD5142-46FE-4410-9C9F-9482CFA54013}.Release|Any CPU.ActiveCfg = Release|Any CPU
		{24CD5142-46FE-4410-9C9F-9482CFA54013}.Release|Any CPU.Build.0 = Release|Any CPU
		{FA4F2E9C-F513-4D1B-BDA7-742DDAD63A8B}.Debug|Any CPU.ActiveCfg = Debug|Any CPU
		{FA4F2E9C-F513-4D1B-BDA7-742DDAD63A8B}.Debug|Any CPU.Build.0 = Debug|Any CPU
		{FA4F2E9C-F513-4D1B-BDA7-742DDAD63A8B}.Release|Any CPU.ActiveCfg = Release|Any CPU
		{FA4F2E9C-F513-4D1B-BDA7-742DDAD63A8B}.Release|Any CPU.Build.0 = Release|Any CPU
	EndGlobalSection
	GlobalSection(SolutionProperties) = preSolution
		HideSolutionNode = FALSE
	EndGlobalSection
EndGlobal
